
Microsoft Visual Studio Solution File, Format Version 12.00
# Visual Studio Version 17
VisualStudioVersion = 17.0.32112.339
MinimumVisualStudioVersion = 10.0.40219.1
Project("{FAE04EC0-301F-11D3-BF4B-00C04F79EFBC}") = "PokeAbilities", "PokeAbilities\PokeAbilities.csproj", "{A24DD7F7-5B71-40F0-9CCF-BC4A3AEBB829}"
EndProject
Global
	GlobalSection(SolutionConfigurationPlatforms) = preSolution
		Debug|Any CPU = Debug|Any CPU
		Release|Any CPU = Release|Any CPU
	EndGlobalSection
	GlobalSection(ProjectConfigurationPlatforms) = postSolution
		{A24DD7F7-5B71-40F0-9CCF-BC4A3AEBB829}.Debug|Any CPU.ActiveCfg = Debug|Any CPU
		{A24DD7F7-5B71-40F0-9CCF-BC4A3AEBB829}.Debug|Any CPU.Build.0 = Debug|Any CPU
		{A24DD7F7-5B71-40F0-9CCF-BC4A3AEBB829}.Release|Any CPU.ActiveCfg = Release|Any CPU
		{A24DD7F7-5B71-40F0-9CCF-BC4A3AEBB829}.Release|Any CPU.Build.0 = Release|Any CPU
	EndGlobalSection
	GlobalSection(SolutionProperties) = preSolution
		HideSolutionNode = FALSE
	EndGlobalSection
	GlobalSection(ExtensibilityGlobals) = postSolution
		SolutionGuid = {53833AE8-066D-499D-BE99-45BD6B8F5BEC}
	EndGlobalSection
EndGlobal
